
Microsoft Visual Studio Solution File, Format Version 12.00
# Visual Studio Version 17
VisualStudioVersion = 17.3.32929.385
MinimumVisualStudioVersion = 10.0.40219.1
Project("{FAE04EC0-301F-11D3-BF4B-00C04F79EFBC}") = "FMartinezBiblioteca", "..\FMartinezBiblioteca\FMartinezBiblioteca.csproj", "{B4673A07-40F4-4286-8B04-256ABB7C83D5}"
EndProject
Project("{FAE04EC0-301F-11D3-BF4B-00C04F79EFBC}") = "BLL", "..\BLL\BLL.csproj", "{F039CE17-3BD9-4761-892E-A21A1B038B12}"
EndProject
Project("{FAE04EC0-301F-11D3-BF4B-00C04F79EFBC}") = "MLL", "..\MLL\MLL.csproj", "{A063F528-F5F0-4D94-A130-EE586BE94FDF}"
EndProject
Project("{FAE04EC0-301F-11D3-BF4B-00C04F79EFBC}") = "DLL", "..\DLL\DLL.csproj", "{D2418FF1-5E3E-45AB-9613-336A550E76C4}"
EndProject
Project("{FAE04EC0-301F-11D3-BF4B-00C04F79EFBC}") = "PLL", "..\PLL\PLL.csproj", "{E303A31D-9C37-4835-A96E-B8DBA47337D8}"
EndProject
Global
	GlobalSection(SolutionConfigurationPlatforms) = preSolution
		Debug|Any CPU = Debug|Any CPU
		Release|Any CPU = Release|Any CPU
	EndGlobalSection
	GlobalSection(ProjectConfigurationPlatforms) = postSolution
		{B4673A07-40F4-4286-8B04-256ABB7C83D5}.Debug|Any CPU.ActiveCfg = Debug|Any CPU
		{B4673A07-40F4-4286-8B04-256ABB7C83D5}.Debug|Any CPU.Build.0 = Debug|Any CPU
		{B4673A07-40F4-4286-8B04-256ABB7C83D5}.Release|Any CPU.ActiveCfg = Release|Any CPU
		{B4673A07-40F4-4286-8B04-256ABB7C83D5}.Release|Any CPU.Build.0 = Release|Any CPU
		{F039CE17-3BD9-4761-892E-A21A1B038B12}.Debug|Any CPU.ActiveCfg = Debug|Any CPU
		{F039CE17-3BD9-4761-892E-A21A1B038B12}.Debug|Any CPU.Build.0 = Debug|Any CPU
		{F039CE17-3BD9-4761-892E-A21A1B038B12}.Release|Any CPU.ActiveCfg = Release|Any CPU
		{F039CE17-3BD9-4761-892E-A21A1B038B12}.Release|Any CPU.Build.0 = Release|Any CPU
		{A063F528-F5F0-4D94-A130-EE586BE94FDF}.Debug|Any CPU.ActiveCfg = Debug|Any CPU
		{A063F528-F5F0-4D94-A130-EE586BE94FDF}.Debug|Any CPU.Build.0 = Debug|Any CPU
		{A063F528-F5F0-4D94-A130-EE586BE94FDF}.Release|Any CPU.ActiveCfg = Release|Any CPU
		{A063F528-F5F0-4D94-A130-EE586BE94FDF}.Release|Any CPU.Build.0 = Release|Any CPU
		{D2418FF1-5E3E-45AB-9613-336A550E76C4}.Debug|Any CPU.ActiveCfg = Debug|Any CPU
		{D2418FF1-5E3E-45AB-9613-336A550E76C4}.Debug|Any CPU.Build.0 = Debug|Any CPU
		{D2418FF1-5E3E-45AB-9613-336A550E76C4}.Release|Any CPU.ActiveCfg = Release|Any CPU
		{D2418FF1-5E3E-45AB-9613-336A550E76C4}.Release|Any CPU.Build.0 = Release|Any CPU
		{E303A31D-9C37-4835-A96E-B8DBA47337D8}.Debug|Any CPU.ActiveCfg = Debug|Any CPU
		{E303A31D-9C37-4835-A96E-B8DBA47337D8}.Debug|Any CPU.Build.0 = Debug|Any CPU
		{E303A31D-9C37-4835-A96E-B8DBA47337D8}.Release|Any CPU.ActiveCfg = Release|Any CPU
		{E303A31D-9C37-4835-A96E-B8DBA47337D8}.Release|Any CPU.Build.0 = Release|Any CPU
	EndGlobalSection
	GlobalSection(SolutionProperties) = preSolution
		HideSolutionNode = FALSE
	EndGlobalSection
	GlobalSection(ExtensibilityGlobals) = postSolution
		SolutionGuid = {CBEA4A20-3947-4F1A-B6E2-7ADD3E03A726}
	EndGlobalSection
EndGlobal
